<?xml version='1.0' encoding='utf-8'?>
<Project xmlns="http://schemas.microsoft.com/developer/msbuild/2003" ToolsVersion="4.0">
  <ItemGroup>
    <Filter Include="Wrappers">
      <UniqueIdentifier>{196B055F-13A2-4381-8D9C-95213E24DA0A}</UniqueIdentifier>
    </Filter>
    <Filter Include="Version snapshots">
      <UniqueIdentifier>{C516A35D-C449-4B72-8A70-BAC6D6E6576F}</UniqueIdentifier>
    </Filter>
  </ItemGroup>
  <ItemGroup>
    <ClCompile Include="wrappers\baseline.c">
      <Filter>Wrappers</Filter>
    </ClCompile>
    <ClCompile Include="wrappers\opt1.c">
      <Filter>Wrappers</Filter>
    </ClCompile>
    <ClCompile Include="wrappers\opt2.c">
      <Filter>Wrappers</Filter>
    </ClCompile>
    <ClCompile Include="wrappers\opt3.c">
      <Filter>Wrappers</Filter>
    </ClCompile>
    <ClCompile Include="wrappers\opt4.c">
      <Filter>Wrappers</Filter>
    </ClCompile>
  </ItemGroup>
  <ItemGroup>
    <None Include="versions\RebusSolver_baseline_v2.c">
      <Filter>Version snapshots</Filter>
    </None>
    <None Include="versions\RebusSolver_opt1.c">
      <Filter>Version snapshots</Filter>
    </None>
    <None Include="versions\RebusSolver_opt2.c">
      <Filter>Version snapshots</Filter>
    </None>
    <None Include="versions\RebusSolver_opt3.c">
      <Filter>Version snapshots</Filter>
    </None>
    <None Include="versions\RebusSolver_opt4.c">
      <Filter>Version snapshots</Filter>
    </None>
  </ItemGroup>
</Project>